
Microsoft Visual Studio Solution File, Format Version 12.00
# Visual Studio Version 17
VisualStudioVersion = 17.10.34916.146
MinimumVisualStudioVersion = 10.0.40219.1
Project("{FAE04EC0-301F-11D3-BF4B-00C04F79EFBC}") = "R2DGE", "R2DGE\R2DGE.csproj", "{A5BCDACF-D856-45B1-9DB4-5B71D1DF6B9E}"
EndProject
Project("{FAE04EC0-301F-11D3-BF4B-00C04F79EFBC}") = "IR2DGE", "IR2DGE\IR2DGE.csproj", "{442425B3-0062-4AFE-A0AA-FDDACFDB95BF}"
EndProject
Global
	GlobalSection(SolutionConfigurationPlatforms) = preSolution
		Debug|Any CPU = Debug|Any CPU
		Release|Any CPU = Release|Any CPU
	EndGlobalSection
	GlobalSection(ProjectConfigurationPlatforms) = postSolution
		{A5BCDACF-D856-45B1-9DB4-5B71D1DF6B9E}.Debug|Any CPU.ActiveCfg = Debug|Any CPU
		{A5BCDACF-D856-45B1-9DB4-5B71D1DF6B9E}.Debug|Any CPU.Build.0 = Debug|Any CPU
		{A5BCDACF-D856-45B1-9DB4-5B71D1DF6B9E}.Release|Any CPU.ActiveCfg = Release|Any CPU
		{A5BCDACF-D856-45B1-9DB4-5B71D1DF6B9E}.Release|Any CPU.Build.0 = Release|Any CPU
		{442425B3-0062-4AFE-A0AA-FDDACFDB95BF}.Debug|Any CPU.ActiveCfg = Debug|Any CPU
		{442425B3-0062-4AFE-A0AA-FDDACFDB95BF}.Debug|Any CPU.Build.0 = Debug|Any CPU
		{442425B3-0062-4AFE-A0AA-FDDACFDB95BF}.Release|Any CPU.ActiveCfg = Release|Any CPU
		{442425B3-0062-4AFE-A0AA-FDDACFDB95BF}.Release|Any CPU.Build.0 = Release|Any CPU
	EndGlobalSection
	GlobalSection(SolutionProperties) = preSolution
		HideSolutionNode = FALSE
	EndGlobalSection
	GlobalSection(ExtensibilityGlobals) = postSolution
		SolutionGuid = {D1BEBA11-8561-41A0-94FD-4AB95BE2DB82}
	EndGlobalSection
EndGlobal
